
Microsoft Visual Studio Solution File, Format Version 12.00
# Visual Studio 2012
Project("{FAE04EC0-301F-11D3-BF4B-00C04F79EFBC}") = "Kramer", "Kramer\Kramer.csproj", "{C3533C91-F8AF-4B4C-A32B-510EAB79D186}"
EndProject
Project("{FAE04EC0-301F-11D3-BF4B-00C04F79EFBC}") = "Kramer.Common", "Kramer.Common\Kramer.Common.csproj", "{4D646ECD-8AF3-426E-B0DC-0786F0E40754}"
EndProject
Project("{FAE04EC0-301F-11D3-BF4B-00C04F79EFBC}") = "Kramer.Phone", "Kramer.Phone\Kramer.Phone.csproj", "{006002A9-6BCB-43D6-8842-829EEF8BD3FA}"
EndProject
Project("{2150E333-8FDC-42A3-9474-1A3956D46DE8}") = ".nuget", ".nuget", "{E9E9AAA2-35B6-40A2-BC6B-3AE710D33854}"
	ProjectSection(SolutionItems) = preProject
		.nuget\NuGet.Config = .nuget\NuGet.Config
		.nuget\NuGet.exe = .nuget\NuGet.exe
		.nuget\NuGet.targets = .nuget\NuGet.targets
	EndProjectSection
EndProject
Project("{FAE04EC0-301F-11D3-BF4B-00C04F79EFBC}") = "Kramer.AudioAgent", "Kramer.AudioAgent\Kramer.AudioAgent.csproj", "{ACC3A312-D787-4A8B-9ADD-01684005925E}"
EndProject
Global
	GlobalSection(SolutionConfigurationPlatforms) = preSolution
		Debug|Any CPU = Debug|Any CPU
		Debug|ARM = Debug|ARM
		Debug|x64 = Debug|x64
		Debug|x86 = Debug|x86
		Release|Any CPU = Release|Any CPU
		Release|ARM = Release|ARM
		Release|x64 = Release|x64
		Release|x86 = Release|x86
	EndGlobalSection
	GlobalSection(ProjectConfigurationPlatforms) = postSolution
		{C3533C91-F8AF-4B4C-A32B-510EAB79D186}.Debug|Any CPU.ActiveCfg = Debug|Any CPU
		{C3533C91-F8AF-4B4C-A32B-510EAB79D186}.Debug|Any CPU.Build.0 = Debug|Any CPU
		{C3533C91-F8AF-4B4C-A32B-510EAB79D186}.Debug|Any CPU.Deploy.0 = Debug|Any CPU
		{C3533C91-F8AF-4B4C-A32B-510EAB79D186}.Debug|ARM.ActiveCfg = Debug|ARM
		{C3533C91-F8AF-4B4C-A32B-510EAB79D186}.Debug|ARM.Build.0 = Debug|ARM
		{C3533C91-F8AF-4B4C-A32B-510EAB79D186}.Debug|ARM.Deploy.0 = Debug|ARM
		{C3533C91-F8AF-4B4C-A32B-510EAB79D186}.Debug|x64.ActiveCfg = Debug|x64
		{C3533C91-F8AF-4B4C-A32B-510EAB79D186}.Debug|x64.Build.0 = Debug|x64
		{C3533C91-F8AF-4B4C-A32B-510EAB79D186}.Debug|x64.Deploy.0 = Debug|x64
		{C3533C91-F8AF-4B4C-A32B-510EAB79D186}.Debug|x86.ActiveCfg = Debug|x86
		{C3533C91-F8AF-4B4C-A32B-510EAB79D186}.Debug|x86.Build.0 = Debug|x86
		{C3533C91-F8AF-4B4C-A32B-510EAB79D186}.Debug|x86.Deploy.0 = Debug|x86
		{C3533C91-F8AF-4B4C-A32B-510EAB79D186}.Release|Any CPU.ActiveCfg = Release|Any CPU
		{C3533C91-F8AF-4B4C-A32B-510EAB79D186}.Release|Any CPU.Build.0 = Release|Any CPU
		{C3533C91-F8AF-4B4C-A32B-510EAB79D186}.Release|Any CPU.Deploy.0 = Release|Any CPU
		{C3533C91-F8AF-4B4C-A32B-510EAB79D186}.Release|ARM.ActiveCfg = Release|ARM
		{C3533C91-F8AF-4B4C-A32B-510EAB79D186}.Release|ARM.Build.0 = Release|ARM
		{C3533C91-F8AF-4B4C-A32B-510EAB79D186}.Release|ARM.Deploy.0 = Release|ARM
		{C3533C91-F8AF-4B4C-A32B-510EAB79D186}.Release|x64.ActiveCfg = Release|x64
		{C3533C91-F8AF-4B4C-A32B-510EAB79D186}.Release|x64.Build.0 = Release|x64
		{C3533C91-F8AF-4B4C-A32B-510EAB79D186}.Release|x64.Deploy.0 = Release|x64
		{C3533C91-F8AF-4B4C-A32B-510EAB79D186}.Release|x86.ActiveCfg = Release|x86
		{C3533C91-F8AF-4B4C-A32B-510EAB79D186}.Release|x86.Build.0 = Release|x86
		{C3533C91-F8AF-4B4C-A32B-510EAB79D186}.Release|x86.Deploy.0 = Release|x86
		{4D646ECD-8AF3-426E-B0DC-0786F0E40754}.Debug|Any CPU.ActiveCfg = Debug|Any CPU
		{4D646ECD-8AF3-426E-B0DC-0786F0E40754}.Debug|Any CPU.Build.0 = Debug|Any CPU
		{4D646ECD-8AF3-426E-B0DC-0786F0E40754}.Debug|ARM.ActiveCfg = Debug|Any CPU
		{4D646ECD-8AF3-426E-B0DC-0786F0E40754}.Debug|x64.ActiveCfg = Debug|Any CPU
		{4D646ECD-8AF3-426E-B0DC-0786F0E40754}.Debug|x86.ActiveCfg = Debug|Any CPU
		{4D646ECD-8AF3-426E-B0DC-0786F0E40754}.Release|Any CPU.ActiveCfg = Release|Any CPU
		{4D646ECD-8AF3-426E-B0DC-0786F0E40754}.Release|Any CPU.Build.0 = Release|Any CPU
		{4D646ECD-8AF3-426E-B0DC-0786F0E40754}.Release|ARM.ActiveCfg = Release|Any CPU
		{4D646ECD-8AF3-426E-B0DC-0786F0E40754}.Release|x64.ActiveCfg = Release|Any CPU
		{4D646ECD-8AF3-426E-B0DC-0786F0E40754}.Release|x86.ActiveCfg = Release|Any CPU
		{006002A9-6BCB-43D6-8842-829EEF8BD3FA}.Debug|Any CPU.ActiveCfg = Debug|Any CPU
		{006002A9-6BCB-43D6-8842-829EEF8BD3FA}.Debug|Any CPU.Build.0 = Debug|Any CPU
		{006002A9-6BCB-43D6-8842-829EEF8BD3FA}.Debug|Any CPU.Deploy.0 = Debug|Any CPU
		{006002A9-6BCB-43D6-8842-829EEF8BD3FA}.Debug|ARM.ActiveCfg = Debug|Any CPU
		{006002A9-6BCB-43D6-8842-829EEF8BD3FA}.Debug|x64.ActiveCfg = Debug|Any CPU
		{006002A9-6BCB-43D6-8842-829EEF8BD3FA}.Debug|x86.ActiveCfg = Debug|Any CPU
		{006002A9-6BCB-43D6-8842-829EEF8BD3FA}.Release|Any CPU.ActiveCfg = Release|Any CPU
		{006002A9-6BCB-43D6-8842-829EEF8BD3FA}.Release|Any CPU.Build.0 = Release|Any CPU
		{006002A9-6BCB-43D6-8842-829EEF8BD3FA}.Release|Any CPU.Deploy.0 = Release|Any CPU
		{006002A9-6BCB-43D6-8842-829EEF8BD3FA}.Release|ARM.ActiveCfg = Release|Any CPU
		{006002A9-6BCB-43D6-8842-829EEF8BD3FA}.Release|x64.ActiveCfg = Release|Any CPU
		{006002A9-6BCB-43D6-8842-829EEF8BD3FA}.Release|x86.ActiveCfg = Release|Any CPU
		{ACC3A312-D787-4A8B-9ADD-01684005925E}.Debug|Any CPU.ActiveCfg = Debug|Any CPU
		{ACC3A312-D787-4A8B-9ADD-01684005925E}.Debug|Any CPU.Build.0 = Debug|Any CPU
		{ACC3A312-D787-4A8B-9ADD-01684005925E}.Debug|ARM.ActiveCfg = Debug|Any CPU
		{ACC3A312-D787-4A8B-9ADD-01684005925E}.Debug|x64.ActiveCfg = Debug|Any CPU
		{ACC3A312-D787-4A8B-9ADD-01684005925E}.Debug|x86.ActiveCfg = Debug|Any CPU
		{ACC3A312-D787-4A8B-9ADD-01684005925E}.Release|Any CPU.ActiveCfg = Release|Any CPU
		{ACC3A312-D787-4A8B-9ADD-01684005925E}.Release|Any CPU.Build.0 = Release|Any CPU
		{ACC3A312-D787-4A8B-9ADD-01684005925E}.Release|ARM.ActiveCfg = Release|Any CPU
		{ACC3A312-D787-4A8B-9ADD-01684005925E}.Release|x64.ActiveCfg = Release|Any CPU
		{ACC3A312-D787-4A8B-9ADD-01684005925E}.Release|x86.ActiveCfg = Release|Any CPU
	EndGlobalSection
	GlobalSection(SolutionProperties) = preSolution
		HideSolutionNode = FALSE
	EndGlobalSection
EndGlobal
